
Microsoft Visual Studio Solution File, Format Version 12.00
# Visual Studio 15
VisualStudioVersion = 15.0.28307.960
MinimumVisualStudioVersion = 10.0.40219.1
Project("{9A19103F-16F7-4668-BE54-9A1E7A4F7556}") = "AccountingTest", "Accounting\AccountingTest.csproj", "{BDB46830-72CF-44B1-8697-841EF3DE5E19}"
EndProject
Global
	GlobalSection(SolutionConfigurationPlatforms) = preSolution
		Debug|Any CPU = Debug|Any CPU
		Release|Any CPU = Release|Any CPU
	EndGlobalSection
	GlobalSection(ProjectConfigurationPlatforms) = postSolution
		{BDB46830-72CF-44B1-8697-841EF3DE5E19}.Debug|Any CPU.ActiveCfg = Debug|Any CPU
		{BDB46830-72CF-44B1-8697-841EF3DE5E19}.Debug|Any CPU.Build.0 = Debug|Any CPU
		{BDB46830-72CF-44B1-8697-841EF3DE5E19}.Release|Any CPU.ActiveCfg = Release|Any CPU
		{BDB46830-72CF-44B1-8697-841EF3DE5E19}.Release|Any CPU.Build.0 = Release|Any CPU
	EndGlobalSection
	GlobalSection(SolutionProperties) = preSolution
		HideSolutionNode = FALSE
	EndGlobalSection
	GlobalSection(ExtensibilityGlobals) = postSolution
		SolutionGuid = {35E62D54-6DF0-49DC-9438-E841411038B4}
	EndGlobalSection
EndGlobal
